
Microsoft Visual Studio Solution File, Format Version 12.00
# Visual Studio 15
VisualStudioVersion = 15.0.27130.2027
MinimumVisualStudioVersion = 10.0.40219.1
Project("{FAE04EC0-301F-11D3-BF4B-00C04F79EFBC}") = "CoonStudioSite", "CoonStudioSite\CoonStudioSite.csproj", "{AE1C84F6-B2BA-4300-98AD-C1F7EA2ABFD8}"
EndProject
Global
	GlobalSection(SolutionConfigurationPlatforms) = preSolution
		Debug|Any CPU = Debug|Any CPU
		Release|Any CPU = Release|Any CPU
	EndGlobalSection
	GlobalSection(ProjectConfigurationPlatforms) = postSolution
		{AE1C84F6-B2BA-4300-98AD-C1F7EA2ABFD8}.Debug|Any CPU.ActiveCfg = Debug|Any CPU
		{AE1C84F6-B2BA-4300-98AD-C1F7EA2ABFD8}.Debug|Any CPU.Build.0 = Debug|Any CPU
		{AE1C84F6-B2BA-4300-98AD-C1F7EA2ABFD8}.Release|Any CPU.ActiveCfg = Release|Any CPU
		{AE1C84F6-B2BA-4300-98AD-C1F7EA2ABFD8}.Release|Any CPU.Build.0 = Release|Any CPU
	EndGlobalSection
	GlobalSection(SolutionProperties) = preSolution
		HideSolutionNode = FALSE
	EndGlobalSection
	GlobalSection(ExtensibilityGlobals) = postSolution
		SolutionGuid = {0E72640F-256A-4BB9-A773-C426A9BC3C12}
	EndGlobalSection
EndGlobal
